// !$*UTF8*$!
{
	archiveVersion = 1;
	classes = {
	};
	objectVersion = 46;
	objects = {

/* Begin PBXBuildFile section */
		E60B5B3F161227CA00143197 /* CorePlot.framework in CopyFiles */ = {isa = PBXBuildFile; fileRef = E60B5B381612274A00143197 /* CorePlot.framework */; };
		E60B5B40161227E400143197 /* CorePlot.framework in Frameworks */ = {isa = PBXBuildFile; fileRef = E60B5B381612274A00143197 /* CorePlot.framework */; };
		E60B5B42161227FD00143197 /* QuartzCore.framework in Frameworks */ = {isa = PBXBuildFile; fileRef = E60B5B41161227FD00143197 /* QuartzCore.framework */; };
		E60B5B4816122E7F00143197 /* GHRawDataViewControllerWindowController.m in Sources */ = {isa = PBXBuildFile; fileRef = E60B5B4616122E7F00143197 /* GHRawDataViewControllerWindowController.m */; };
		E60B5B4916122E7F00143197 /* GHRawDataViewControllerWindowController.xib in Resources */ = {isa = PBXBuildFile; fileRef = E60B5B4716122E7F00143197 /* GHRawDataViewControllerWindowController.xib */; };
		E61CB74815EB9F9E001FFA99 /* BCSequenceView.m in Sources */ = {isa = PBXBuildFile; fileRef = E61CB74715EB9F9E001FFA99 /* BCSequenceView.m */; };
		E61CB74915EB9F9E001FFA99 /* BCSequenceView.m in Sources */ = {isa = PBXBuildFile; fileRef = E61CB74715EB9F9E001FFA99 /* BCSequenceView.m */; };
		E650F8CB15D7FA4D00AF521C /* WatchBox.m in Sources */ = {isa = PBXBuildFile; fileRef = E650F8CA15D7FA4D00AF521C /* WatchBox.m */; };
		E650F8CF15D7FA6700AF521C /* SequenceFile.m in Sources */ = {isa = PBXBuildFile; fileRef = E650F8CE15D7FA6700AF521C /* SequenceFile.m */; };
		E65BA667162C8BF2002E8191 /* GHSequenceViewController.xib in Resources */ = {isa = PBXBuildFile; fileRef = E6B5F7CE162C863900368E54 /* GHSequenceViewController.xib */; };
		E65BA668162C8C19002E8191 /* GHGraphView.m in Sources */ = {isa = PBXBuildFile; fileRef = E6B5F7CD162C863900368E54 /* GHGraphView.m */; };
		E65BA669162C8C24002E8191 /* GHSequenceViewController.m in Sources */ = {isa = PBXBuildFile; fileRef = E6B5F7CB162C863900368E54 /* GHSequenceViewController.m */; };
		E6B5F6D916235B8800368E54 /* GHRawDataPopoverViewController.m in Sources */ = {isa = PBXBuildFile; fileRef = E6B5F6D716235B8800368E54 /* GHRawDataPopoverViewController.m */; };
		E6B5F6DA16235B8800368E54 /* GHRawDataPopoverViewController.xib in Resources */ = {isa = PBXBuildFile; fileRef = E6B5F6D816235B8800368E54 /* GHRawDataPopoverViewController.xib */; };
		E6B5F7CF162C863900368E54 /* GHSequenceViewController.m in Sources */ = {isa = PBXBuildFile; fileRef = E6B5F7CB162C863900368E54 /* GHSequenceViewController.m */; };
		E6B5F7D0162C863900368E54 /* GHGraphView.m in Sources */ = {isa = PBXBuildFile; fileRef = E6B5F7CD162C863900368E54 /* GHGraphView.m */; };
		E6B5F7D1162C863900368E54 /* GHSequenceViewController.xib in Resources */ = {isa = PBXBuildFile; fileRef = E6B5F7CE162C863900368E54 /* GHSequenceViewController.xib */; };
		E6CB784C15D6973600B179D7 /* Cocoa.framework in Frameworks */ = {isa = PBXBuildFile; fileRef = E6CB784B15D6973600B179D7 /* Cocoa.framework */; };
		E6CB785615D6973600B179D7 /* InfoPlist.strings in Resources */ = {isa = PBXBuildFile; fileRef = E6CB785415D6973600B179D7 /* InfoPlist.strings */; };
		E6CB785815D6973600B179D7 /* main.m in Sources */ = {isa = PBXBuildFile; fileRef = E6CB785715D6973600B179D7 /* main.m */; };
		E6CB785C15D6973600B179D7 /* Credits.rtf in Resources */ = {isa = PBXBuildFile; fileRef = E6CB785A15D6973600B179D7 /* Credits.rtf */; };
		E6CB785F15D6973600B179D7 /* GHAppDelegate.m in Sources */ = {isa = PBXBuildFile; fileRef = E6CB785E15D6973600B179D7 /* GHAppDelegate.m */; };
		E6CB786215D6973600B179D7 /* MainMenu.xib in Resources */ = {isa = PBXBuildFile; fileRef = E6CB786015D6973600B179D7 /* MainMenu.xib */; };
		E6CB786515D6973600B179D7 /* _PeaksNew.xcdatamodeld in Sources */ = {isa = PBXBuildFile; fileRef = E6CB786315D6973600B179D7 /* _PeaksNew.xcdatamodeld */; };
		E6CB786D15D6973700B179D7 /* SenTestingKit.framework in Frameworks */ = {isa = PBXBuildFile; fileRef = E6CB786C15D6973700B179D7 /* SenTestingKit.framework */; };
		E6CB786E15D6973700B179D7 /* Cocoa.framework in Frameworks */ = {isa = PBXBuildFile; fileRef = E6CB784B15D6973600B179D7 /* Cocoa.framework */; };
		E6CB787615D6973700B179D7 /* InfoPlist.strings in Resources */ = {isa = PBXBuildFile; fileRef = E6CB787415D6973700B179D7 /* InfoPlist.strings */; };
		E6CB787915D6973700B179D7 /* _PeaksNewTests.m in Sources */ = {isa = PBXBuildFile; fileRef = E6CB787815D6973700B179D7 /* _PeaksNewTests.m */; };
		E6D6050315DBE54D00B78DA0 /* GHAbifFile.m in Sources */ = {isa = PBXBuildFile; fileRef = E6D6050215DBE54D00B78DA0 /* GHAbifFile.m */; };
/* End PBXBuildFile section */

/* Begin PBXContainerItemProxy section */
		E60B5B371612274A00143197 /* PBXContainerItemProxy */ = {
			isa = PBXContainerItemProxy;
			containerPortal = E60B5B2E1612274A00143197 /* CorePlot.xcodeproj */;
			proxyType = 2;
			remoteGlobalIDString = 8DC2EF5B0486A6940098B216;
			remoteInfo = CorePlot;
		};
		E60B5B391612274A00143197 /* PBXContainerItemProxy */ = {
			isa = PBXContainerItemProxy;
			containerPortal = E60B5B2E1612274A00143197 /* CorePlot.xcodeproj */;
			proxyType = 2;
			remoteGlobalIDString = 0730F600109492D800E95162;
			remoteInfo = UnitTests;
		};
		E60B5B3C1612278D00143197 /* PBXContainerItemProxy */ = {
			isa = PBXContainerItemProxy;
			containerPortal = E60B5B2E1612274A00143197 /* CorePlot.xcodeproj */;
			proxyType = 1;
			remoteGlobalIDString = 8DC2EF4F0486A6940098B216;
			remoteInfo = CorePlot;
		};
		E6CB786F15D6973700B179D7 /* PBXContainerItemProxy */ = {
			isa = PBXContainerItemProxy;
			containerPortal = E6CB783E15D6973600B179D7 /* Project object */;
			proxyType = 1;
			remoteGlobalIDString = E6CB784615D6973600B179D7;
			remoteInfo = 4PeaksNew;
		};
/* End PBXContainerItemProxy section */

/* Begin PBXCopyFilesBuildPhase section */
		E60B5B3E161227A400143197 /* CopyFiles */ = {
			isa = PBXCopyFilesBuildPhase;
			buildActionMask = 2147483647;
			dstPath = "";
			dstSubfolderSpec = 10;
			files = (
				E60B5B3F161227CA00143197 /* CorePlot.framework in CopyFiles */,
			);
			runOnlyForDeploymentPostprocessing = 0;
		};
/* End PBXCopyFilesBuildPhase section */

/* Begin PBXFileReference section */
		E60B5B2E1612274A00143197 /* CorePlot.xcodeproj */ = {isa = PBXFileReference; lastKnownFileType = "wrapper.pb-project"; name = CorePlot.xcodeproj; path = ../CorePlot_1.0/Source/framework/CorePlot.xcodeproj; sourceTree = "<group>"; };
		E60B5B41161227FD00143197 /* QuartzCore.framework */ = {isa = PBXFileReference; lastKnownFileType = wrapper.framework; name = QuartzCore.framework; path = System/Library/Frameworks/QuartzCore.framework; sourceTree = SDKROOT; };
		E60B5B4516122E7F00143197 /* GHRawDataViewControllerWindowController.h */ = {isa = PBXFileReference; fileEncoding = 4; lastKnownFileType = sourcecode.c.h; name = GHRawDataViewControllerWindowController.h; path = ../GHRawDataViewControllerWindowController.h; sourceTree = "<group>"; };
		E60B5B4616122E7F00143197 /* GHRawDataViewControllerWindowController.m */ = {isa = PBXFileReference; fileEncoding = 4; lastKnownFileType = sourcecode.c.objc; name = GHRawDataViewControllerWindowController.m; path = ../GHRawDataViewControllerWindowController.m; sourceTree = "<group>"; };
		E60B5B4716122E7F00143197 /* GHRawDataViewControllerWindowController.xib */ = {isa = PBXFileReference; fileEncoding = 4; lastKnownFileType = file.xib; name = GHRawDataViewControllerWindowController.xib; path = ../GHRawDataViewControllerWindowController.xib; sourceTree = "<group>"; };
		E61CB74615EB9F9E001FFA99 /* BCSequenceView.h */ = {isa = PBXFileReference; fileEncoding = 4; lastKnownFileType = sourcecode.c.h; path = BCSequenceView.h; sourceTree = "<group>"; };
		E61CB74715EB9F9E001FFA99 /* BCSequenceView.m */ = {isa = PBXFileReference; fileEncoding = 4; lastKnownFileType = sourcecode.c.objc; path = BCSequenceView.m; sourceTree = "<group>"; };
		E61CB74B15EB9FAC001FFA99 /* BCAppKitDefines.h */ = {isa = PBXFileReference; fileEncoding = 4; lastKnownFileType = sourcecode.c.h; path = BCAppKitDefines.h; sourceTree = "<group>"; };
		E650F8C915D7FA4D00AF521C /* WatchBox.h */ = {isa = PBXFileReference; fileEncoding = 4; lastKnownFileType = sourcecode.c.h; path = WatchBox.h; sourceTree = "<group>"; };
		E650F8CA15D7FA4D00AF521C /* WatchBox.m */ = {isa = PBXFileReference; fileEncoding = 4; lastKnownFileType = sourcecode.c.objc; path = WatchBox.m; sourceTree = "<group>"; };
		E650F8CD15D7FA6700AF521C /* SequenceFile.h */ = {isa = PBXFileReference; fileEncoding = 4; lastKnownFileType = sourcecode.c.h; path = SequenceFile.h; sourceTree = "<group>"; };
		E650F8CE15D7FA6700AF521C /* SequenceFile.m */ = {isa = PBXFileReference; fileEncoding = 4; lastKnownFileType = sourcecode.c.objc; path = SequenceFile.m; sourceTree = "<group>"; };
		E6B5F6D616235B8800368E54 /* GHRawDataPopoverViewController.h */ = {isa = PBXFileReference; fileEncoding = 4; lastKnownFileType = sourcecode.c.h; path = GHRawDataPopoverViewController.h; sourceTree = "<group>"; };
		E6B5F6D716235B8800368E54 /* GHRawDataPopoverViewController.m */ = {isa = PBXFileReference; fileEncoding = 4; lastKnownFileType = sourcecode.c.objc; path = GHRawDataPopoverViewController.m; sourceTree = "<group>"; };
		E6B5F6D816235B8800368E54 /* GHRawDataPopoverViewController.xib */ = {isa = PBXFileReference; fileEncoding = 4; lastKnownFileType = file.xib; path = GHRawDataPopoverViewController.xib; sourceTree = "<group>"; };
		E6B5F7CA162C863900368E54 /* GHSequenceViewController.h */ = {isa = PBXFileReference; fileEncoding = 4; lastKnownFileType = sourcecode.c.h; path = GHSequenceViewController.h; sourceTree = "<group>"; };
		E6B5F7CB162C863900368E54 /* GHSequenceViewController.m */ = {isa = PBXFileReference; fileEncoding = 4; lastKnownFileType = sourcecode.c.objc; path = GHSequenceViewController.m; sourceTree = "<group>"; };
		E6B5F7CC162C863900368E54 /* GHGraphView.h */ = {isa = PBXFileReference; fileEncoding = 4; lastKnownFileType = sourcecode.c.h; path = GHGraphView.h; sourceTree = "<group>"; };
		E6B5F7CD162C863900368E54 /* GHGraphView.m */ = {isa = PBXFileReference; fileEncoding = 4; lastKnownFileType = sourcecode.c.objc; path = GHGraphView.m; sourceTree = "<group>"; };
		E6B5F7CE162C863900368E54 /* GHSequenceViewController.xib */ = {isa = PBXFileReference; fileEncoding = 4; lastKnownFileType = file.xib; path = GHSequenceViewController.xib; sourceTree = "<group>"; };
		E6CB784715D6973600B179D7 /* 4PeaksNew.app */ = {isa = PBXFileReference; explicitFileType = wrapper.application; includeInIndex = 0; path = 4PeaksNew.app; sourceTree = BUILT_PRODUCTS_DIR; };
		E6CB784B15D6973600B179D7 /* Cocoa.framework */ = {isa = PBXFileReference; lastKnownFileType = wrapper.framework; name = Cocoa.framework; path = System/Library/Frameworks/Cocoa.framework; sourceTree = SDKROOT; };
		E6CB784E15D6973600B179D7 /* AppKit.framework */ = {isa = PBXFileReference; lastKnownFileType = wrapper.framework; name = AppKit.framework; path = System/Library/Frameworks/AppKit.framework; sourceTree = SDKROOT; };
		E6CB784F15D6973600B179D7 /* CoreData.framework */ = {isa = PBXFileReference; lastKnownFileType = wrapper.framework; name = CoreData.framework; path = System/Library/Frameworks/CoreData.framework; sourceTree = SDKROOT; };
		E6CB785015D6973600B179D7 /* Foundation.framework */ = {isa = PBXFileReference; lastKnownFileType = wrapper.framework; name = Foundation.framework; path = System/Library/Frameworks/Foundation.framework; sourceTree = SDKROOT; };
		E6CB785315D6973600B179D7 /* 4PeaksNew-Info.plist */ = {isa = PBXFileReference; lastKnownFileType = text.plist.xml; path = "4PeaksNew-Info.plist"; sourceTree = "<group>"; };
		E6CB785515D6973600B179D7 /* en */ = {isa = PBXFileReference; lastKnownFileType = text.plist.strings; name = en; path = en.lproj/InfoPlist.strings; sourceTree = "<group>"; };
		E6CB785715D6973600B179D7 /* main.m */ = {isa = PBXFileReference; lastKnownFileType = sourcecode.c.objc; path = main.m; sourceTree = "<group>"; };
		E6CB785915D6973600B179D7 /* 4PeaksNew-Prefix.pch */ = {isa = PBXFileReference; lastKnownFileType = sourcecode.c.h; path = "4PeaksNew-Prefix.pch"; sourceTree = "<group>"; };
		E6CB785B15D6973600B179D7 /* en */ = {isa = PBXFileReference; lastKnownFileType = text.rtf; name = en; path = en.lproj/Credits.rtf; sourceTree = "<group>"; };
		E6CB785D15D6973600B179D7 /* GHAppDelegate.h */ = {isa = PBXFileReference; lastKnownFileType = sourcecode.c.h; path = GHAppDelegate.h; sourceTree = "<group>"; };
		E6CB785E15D6973600B179D7 /* GHAppDelegate.m */ = {isa = PBXFileReference; lastKnownFileType = sourcecode.c.objc; path = GHAppDelegate.m; sourceTree = "<group>"; };
		E6CB786115D6973600B179D7 /* en */ = {isa = PBXFileReference; lastKnownFileType = file.xib; name = en; path = en.lproj/MainMenu.xib; sourceTree = "<group>"; };
		E6CB786415D6973600B179D7 /* _PeaksNew.xcdatamodel */ = {isa = PBXFileReference; lastKnownFileType = wrapper.xcdatamodel; path = _PeaksNew.xcdatamodel; sourceTree = "<group>"; };
		E6CB786B15D6973700B179D7 /* 4PeaksNewTests.octest */ = {isa = PBXFileReference; explicitFileType = wrapper.cfbundle; includeInIndex = 0; path = 4PeaksNewTests.octest; sourceTree = BUILT_PRODUCTS_DIR; };
		E6CB786C15D6973700B179D7 /* SenTestingKit.framework */ = {isa = PBXFileReference; lastKnownFileType = wrapper.framework; name = SenTestingKit.framework; path = Library/Frameworks/SenTestingKit.framework; sourceTree = DEVELOPER_DIR; };
		E6CB787315D6973700B179D7 /* 4PeaksNewTests-Info.plist */ = {isa = PBXFileReference; lastKnownFileType = text.plist.xml; path = "4PeaksNewTests-Info.plist"; sourceTree = "<group>"; };
		E6CB787515D6973700B179D7 /* en */ = {isa = PBXFileReference; lastKnownFileType = text.plist.strings; name = en; path = en.lproj/InfoPlist.strings; sourceTree = "<group>"; };
		E6CB787715D6973700B179D7 /* _PeaksNewTests.h */ = {isa = PBXFileReference; lastKnownFileType = sourcecode.c.h; path = _PeaksNewTests.h; sourceTree = "<group>"; };
		E6CB787815D6973700B179D7 /* _PeaksNewTests.m */ = {isa = PBXFileReference; lastKnownFileType = sourcecode.c.objc; path = _PeaksNewTests.m; sourceTree = "<group>"; };
		E6D6050115DBE54D00B78DA0 /* GHAbifFile.h */ = {isa = PBXFileReference; fileEncoding = 4; lastKnownFileType = sourcecode.c.h; path = GHAbifFile.h; sourceTree = "<group>"; };
		E6D6050215DBE54D00B78DA0 /* GHAbifFile.m */ = {isa = PBXFileReference; fileEncoding = 4; lastKnownFileType = sourcecode.c.objc; path = GHAbifFile.m; sourceTree = "<group>"; };
/* End PBXFileReference section */

/* Begin PBXFrameworksBuildPhase section */
		E6CB784415D6973600B179D7 /* Frameworks */ = {
			isa = PBXFrameworksBuildPhase;
			buildActionMask = 2147483647;
			files = (
				E60B5B42161227FD00143197 /* QuartzCore.framework in Frameworks */,
				E6CB784C15D6973600B179D7 /* Cocoa.framework in Frameworks */,
				E60B5B40161227E400143197 /* CorePlot.framework in Frameworks */,
			);
			runOnlyForDeploymentPostprocessing = 0;
		};
		E6CB786715D6973700B179D7 /* Frameworks */ = {
			isa = PBXFrameworksBuildPhase;
			buildActionMask = 2147483647;
			files = (
				E6CB786D15D6973700B179D7 /* SenTestingKit.framework in Frameworks */,
				E6CB786E15D6973700B179D7 /* Cocoa.framework in Frameworks */,
			);
			runOnlyForDeploymentPostprocessing = 0;
		};
/* End PBXFrameworksBuildPhase section */

/* Begin PBXGroup section */
		E60B5B2F1612274A00143197 /* Products */ = {
			isa = PBXGroup;
			children = (
				E60B5B381612274A00143197 /* CorePlot.framework */,
				E60B5B3A1612274A00143197 /* UnitTests.octest */,
			);
			name = Products;
			sourceTree = "<group>";
		};
		E61CB6D315E783A5001FFA99 /* model */ = {
			isa = PBXGroup;
			children = (
				E6CB786315D6973600B179D7 /* _PeaksNew.xcdatamodeld */,
				E650F8CD15D7FA6700AF521C /* SequenceFile.h */,
				E650F8CE15D7FA6700AF521C /* SequenceFile.m */,
				E650F8C915D7FA4D00AF521C /* WatchBox.h */,
				E650F8CA15D7FA4D00AF521C /* WatchBox.m */,
			);
			name = model;
			sourceTree = "<group>";
		};
		E6CB783C15D6973600B179D7 = {
			isa = PBXGroup;
			children = (
				E60B5B2E1612274A00143197 /* CorePlot.xcodeproj */,
				E6CB785115D6973600B179D7 /* 4PeaksNew */,
				E6CB787115D6973700B179D7 /* 4PeaksNewTests */,
				E6CB784A15D6973600B179D7 /* Frameworks */,
				E6CB784815D6973600B179D7 /* Products */,
			);
			sourceTree = "<group>";
		};
		E6CB784815D6973600B179D7 /* Products */ = {
			isa = PBXGroup;
			children = (
				E6CB784715D6973600B179D7 /* 4PeaksNew.app */,
				E6CB786B15D6973700B179D7 /* 4PeaksNewTests.octest */,
			);
			name = Products;
			sourceTree = "<group>";
		};
		E6CB784A15D6973600B179D7 /* Frameworks */ = {
			isa = PBXGroup;
			children = (
				E60B5B41161227FD00143197 /* QuartzCore.framework */,
				E6CB784B15D6973600B179D7 /* Cocoa.framework */,
				E6CB786C15D6973700B179D7 /* SenTestingKit.framework */,
				E6CB784D15D6973600B179D7 /* Other Frameworks */,
			);
			name = Frameworks;
			sourceTree = "<group>";
		};
		E6CB784D15D6973600B179D7 /* Other Frameworks */ = {
			isa = PBXGroup;
			children = (
				E6CB784E15D6973600B179D7 /* AppKit.framework */,
				E6CB784F15D6973600B179D7 /* CoreData.framework */,
				E6CB785015D6973600B179D7 /* Foundation.framework */,
			);
			name = "Other Frameworks";
			sourceTree = "<group>";
		};
		E6CB785115D6973600B179D7 /* 4PeaksNew */ = {
			isa = PBXGroup;
			children = (
				E61CB74B15EB9FAC001FFA99 /* BCAppKitDefines.h */,
				E61CB74615EB9F9E001FFA99 /* BCSequenceView.h */,
				E61CB74715EB9F9E001FFA99 /* BCSequenceView.m */,
				E6CB785D15D6973600B179D7 /* GHAppDelegate.h */,
				E6CB785E15D6973600B179D7 /* GHAppDelegate.m */,
				E6B5F6D616235B8800368E54 /* GHRawDataPopoverViewController.h */,
				E6B5F6D716235B8800368E54 /* GHRawDataPopoverViewController.m */,
				E6B5F6D816235B8800368E54 /* GHRawDataPopoverViewController.xib */,
				E6CB786015D6973600B179D7 /* MainMenu.xib */,
				E60B5B4516122E7F00143197 /* GHRawDataViewControllerWindowController.h */,
				E60B5B4616122E7F00143197 /* GHRawDataViewControllerWindowController.m */,
				E60B5B4716122E7F00143197 /* GHRawDataViewControllerWindowController.xib */,
				E6B5F7CA162C863900368E54 /* GHSequenceViewController.h */,
				E6B5F7CB162C863900368E54 /* GHSequenceViewController.m */,
				E6B5F7CC162C863900368E54 /* GHGraphView.h */,
				E6B5F7CD162C863900368E54 /* GHGraphView.m */,
				E6B5F7CE162C863900368E54 /* GHSequenceViewController.xib */,
				E61CB6D315E783A5001FFA99 /* model */,
				E6CB785215D6973600B179D7 /* Supporting Files */,
				E6D6050115DBE54D00B78DA0 /* GHAbifFile.h */,
				E6D6050215DBE54D00B78DA0 /* GHAbifFile.m */,
			);
			path = 4PeaksNew;
			sourceTree = "<group>";
		};
		E6CB785215D6973600B179D7 /* Supporting Files */ = {
			isa = PBXGroup;
			children = (
				E6CB785315D6973600B179D7 /* 4PeaksNew-Info.plist */,
				E6CB785415D6973600B179D7 /* InfoPlist.strings */,
				E6CB785715D6973600B179D7 /* main.m */,
				E6CB785915D6973600B179D7 /* 4PeaksNew-Prefix.pch */,
				E6CB785A15D6973600B179D7 /* Credits.rtf */,
			);
			name = "Supporting Files";
			sourceTree = "<group>";
		};
		E6CB787115D6973700B179D7 /* 4PeaksNewTests */ = {
			isa = PBXGroup;
			children = (
				E6CB787715D6973700B179D7 /* _PeaksNewTests.h */,
				E6CB787815D6973700B179D7 /* _PeaksNewTests.m */,
				E6CB787215D6973700B179D7 /* Supporting Files */,
			);
			path = 4PeaksNewTests;
			sourceTree = "<group>";
		};
		E6CB787215D6973700B179D7 /* Supporting Files */ = {
			isa = PBXGroup;
			children = (
				E6CB787315D6973700B179D7 /* 4PeaksNewTests-Info.plist */,
				E6CB787415D6973700B179D7 /* InfoPlist.strings */,
			);
			name = "Supporting Files";
			sourceTree = "<group>";
		};
/* End PBXGroup section */

/* Begin PBXNativeTarget section */
		E6CB784615D6973600B179D7 /* 4PeaksNew */ = {
			isa = PBXNativeTarget;
			buildConfigurationList = E6CB787C15D6973700B179D7 /* Build configuration list for PBXNativeTarget "4PeaksNew" */;
			buildPhases = (
				E6CB784315D6973600B179D7 /* Sources */,
				E6CB784415D6973600B179D7 /* Frameworks */,
				E6CB784515D6973600B179D7 /* Resources */,
				E60B5B3E161227A400143197 /* CopyFiles */,
			);
			buildRules = (
			);
			dependencies = (
				E60B5B3D1612278D00143197 /* PBXTargetDependency */,
			);
			name = 4PeaksNew;
			productName = 4PeaksNew;
			productReference = E6CB784715D6973600B179D7 /* 4PeaksNew.app */;
			productType = "com.apple.product-type.application";
		};
		E6CB786A15D6973700B179D7 /* 4PeaksNewTests */ = {
			isa = PBXNativeTarget;
			buildConfigurationList = E6CB787F15D6973700B179D7 /* Build configuration list for PBXNativeTarget "4PeaksNewTests" */;
			buildPhases = (
				E6CB786615D6973700B179D7 /* Sources */,
				E6CB786715D6973700B179D7 /* Frameworks */,
				E6CB786815D6973700B179D7 /* Resources */,
				E6CB786915D6973700B179D7 /* ShellScript */,
			);
			buildRules = (
			);
			dependencies = (
				E6CB787015D6973700B179D7 /* PBXTargetDependency */,
			);
			name = 4PeaksNewTests;
			productName = 4PeaksNewTests;
			productReference = E6CB786B15D6973700B179D7 /* 4PeaksNewTests.octest */;
			productType = "com.apple.product-type.bundle";
		};
/* End PBXNativeTarget section */

/* Begin PBXProject section */
		E6CB783E15D6973600B179D7 /* Project object */ = {
			isa = PBXProject;
			attributes = {
				CLASSPREFIX = gha;
				LastUpgradeCheck = 0440;
				ORGANIZATIONNAME = "Gregor Hagelueken";
			};
			buildConfigurationList = E6CB784115D6973600B179D7 /* Build configuration list for PBXProject "4PeaksNew" */;
			compatibilityVersion = "Xcode 3.2";
			developmentRegion = English;
			hasScannedForEncodings = 0;
			knownRegions = (
				en,
			);
			mainGroup = E6CB783C15D6973600B179D7;
			productRefGroup = E6CB784815D6973600B179D7 /* Products */;
			projectDirPath = "";
			projectReferences = (
				{
					ProductGroup = E60B5B2F1612274A00143197 /* Products */;
					ProjectRef = E60B5B2E1612274A00143197 /* CorePlot.xcodeproj */;
				},
			);
			projectRoot = "";
			targets = (
				E6CB784615D6973600B179D7 /* 4PeaksNew */,
				E6CB786A15D6973700B179D7 /* 4PeaksNewTests */,
			);
		};
/* End PBXProject section */

/* Begin PBXReferenceProxy section */
		E60B5B381612274A00143197 /* CorePlot.framework */ = {
			isa = PBXReferenceProxy;
			fileType = wrapper.framework;
			path = CorePlot.framework;
			remoteRef = E60B5B371612274A00143197 /* PBXContainerItemProxy */;
			sourceTree = BUILT_PRODUCTS_DIR;
		};
		E60B5B3A1612274A00143197 /* UnitTests.octest */ = {
			isa = PBXReferenceProxy;
			fileType = wrapper.cfbundle;
			path = UnitTests.octest;
			remoteRef = E60B5B391612274A00143197 /* PBXContainerItemProxy */;
			sourceTree = BUILT_PRODUCTS_DIR;
		};
/* End PBXReferenceProxy section */

/* Begin PBXResourcesBuildPhase section */
		E6CB784515D6973600B179D7 /* Resources */ = {
			isa = PBXResourcesBuildPhase;
			buildActionMask = 2147483647;
			files = (
				E6CB785615D6973600B179D7 /* InfoPlist.strings in Resources */,
				E6CB785C15D6973600B179D7 /* Credits.rtf in Resources */,
				E6CB786215D6973600B179D7 /* MainMenu.xib in Resources */,
				E60B5B4916122E7F00143197 /* GHRawDataViewControllerWindowController.xib in Resources */,
				E6B5F6DA16235B8800368E54 /* GHRawDataPopoverViewController.xib in Resources */,
				E65BA667162C8BF2002E8191 /* GHSequenceViewController.xib in Resources */,
			);
			runOnlyForDeploymentPostprocessing = 0;
		};
		E6CB786815D6973700B179D7 /* Resources */ = {
			isa = PBXResourcesBuildPhase;
			buildActionMask = 2147483647;
			files = (
				E6CB787615D6973700B179D7 /* InfoPlist.strings in Resources */,
				E6B5F7D1162C863900368E54 /* GHSequenceViewController.xib in Resources */,
			);
			runOnlyForDeploymentPostprocessing = 0;
		};
/* End PBXResourcesBuildPhase section */

/* Begin PBXShellScriptBuildPhase section */
		E6CB786915D6973700B179D7 /* ShellScript */ = {
			isa = PBXShellScriptBuildPhase;
			buildActionMask = 2147483647;
			files = (
			);
			inputPaths = (
			);
			outputPaths = (
			);
			runOnlyForDeploymentPostprocessing = 0;
			shellPath = /bin/sh;
			shellScript = "# Run the unit tests in this test bundle.\n\"${SYSTEM_DEVELOPER_DIR}/Tools/RunUnitTests\"\n";
		};
/* End PBXShellScriptBuildPhase section */

/* Begin PBXSourcesBuildPhase section */
		E6CB784315D6973600B179D7 /* Sources */ = {
			isa = PBXSourcesBuildPhase;
			buildActionMask = 2147483647;
			files = (
				E6CB785815D6973600B179D7 /* main.m in Sources */,
				E6CB785F15D6973600B179D7 /* GHAppDelegate.m in Sources */,
				E6CB786515D6973600B179D7 /* _PeaksNew.xcdatamodeld in Sources */,
				E650F8CB15D7FA4D00AF521C /* WatchBox.m in Sources */,
				E650F8CF15D7FA6700AF521C /* SequenceFile.m in Sources */,
				E6D6050315DBE54D00B78DA0 /* GHAbifFile.m in Sources */,
				E61CB74815EB9F9E001FFA99 /* BCSequenceView.m in Sources */,
				E60B5B4816122E7F00143197 /* GHRawDataViewControllerWindowController.m in Sources */,
				E6B5F6D916235B8800368E54 /* GHRawDataPopoverViewController.m in Sources */,
				E65BA669162C8C24002E8191 /* GHSequenceViewController.m in Sources */,
				E65BA668162C8C19002E8191 /* GHGraphView.m in Sources */,
			);
			runOnlyForDeploymentPostprocessing = 0;
		};
		E6CB786615D6973700B179D7 /* Sources */ = {
			isa = PBXSourcesBuildPhase;
			buildActionMask = 2147483647;
			files = (
				E6CB787915D6973700B179D7 /* _PeaksNewTests.m in Sources */,
				E61CB74915EB9F9E001FFA99 /* BCSequenceView.m in Sources */,
				E6B5F7CF162C863900368E54 /* GHSequenceViewController.m in Sources */,
				E6B5F7D0162C863900368E54 /* GHGraphView.m in Sources */,
			);
			runOnlyForDeploymentPostprocessing = 0;
		};
/* End PBXSourcesBuildPhase section */

/* Begin PBXTargetDependency section */
		E60B5B3D1612278D00143197 /* PBXTargetDependency */ = {
			isa = PBXTargetDependency;
			name = CorePlot;
			targetProxy = E60B5B3C1612278D00143197 /* PBXContainerItemProxy */;
		};
		E6CB787015D6973700B179D7 /* PBXTargetDependency */ = {
			isa = PBXTargetDependency;
			target = E6CB784615D6973600B179D7 /* 4PeaksNew */;
			targetProxy = E6CB786F15D6973700B179D7 /* PBXContainerItemProxy */;
		};
/* End PBXTargetDependency section */

/* Begin PBXVariantGroup section */
		E6CB785415D6973600B179D7 /* InfoPlist.strings */ = {
			isa = PBXVariantGroup;
			children = (
				E6CB785515D6973600B179D7 /* en */,
			);
			name = InfoPlist.strings;
			sourceTree = "<group>";
		};
		E6CB785A15D6973600B179D7 /* Credits.rtf */ = {
			isa = PBXVariantGroup;
			children = (
				E6CB785B15D6973600B179D7 /* en */,
			);
			name = Credits.rtf;
			sourceTree = "<group>";
		};
		E6CB786015D6973600B179D7 /* MainMenu.xib */ = {
			isa = PBXVariantGroup;
			children = (
				E6CB786115D6973600B179D7 /* en */,
			);
			name = MainMenu.xib;
			sourceTree = "<group>";
		};
		E6CB787415D6973700B179D7 /* InfoPlist.strings */ = {
			isa = PBXVariantGroup;
			children = (
				E6CB787515D6973700B179D7 /* en */,
			);
			name = InfoPlist.strings;
			sourceTree = "<group>";
		};
/* End PBXVariantGroup section */

/* Begin XCBuildConfiguration section */
		E6CB787A15D6973700B179D7 /* Debug */ = {
			isa = XCBuildConfiguration;
			buildSettings = {
				ALWAYS_SEARCH_USER_PATHS = NO;
				ARCHS = "$(ARCHS_STANDARD_64_BIT)";
				CLANG_CXX_LANGUAGE_STANDARD = "gnu++0x";
				CLANG_ENABLE_OBJC_ARC = YES;
				CLANG_WARN__DUPLICATE_METHOD_MATCH = YES;
				COPY_PHASE_STRIP = NO;
				GCC_C_LANGUAGE_STANDARD = gnu99;
				GCC_DYNAMIC_NO_PIC = NO;
				GCC_ENABLE_OBJC_EXCEPTIONS = YES;
				GCC_OPTIMIZATION_LEVEL = 0;
				GCC_PREPROCESSOR_DEFINITIONS = (
					"DEBUG=1",
					"$(inherited)",
				);
				GCC_SYMBOLS_PRIVATE_EXTERN = NO;
				GCC_WARN_64_TO_32_BIT_CONVERSION = YES;
				GCC_WARN_ABOUT_RETURN_TYPE = YES;
				GCC_WARN_UNINITIALIZED_AUTOS = YES;
				GCC_WARN_UNUSED_VARIABLE = YES;
				MACOSX_DEPLOYMENT_TARGET = 10.8;
				ONLY_ACTIVE_ARCH = YES;
				SDKROOT = macosx;
			};
			name = Debug;
		};
		E6CB787B15D6973700B179D7 /* Release */ = {
			isa = XCBuildConfiguration;
			buildSettings = {
				ALWAYS_SEARCH_USER_PATHS = NO;
				ARCHS = "$(ARCHS_STANDARD_64_BIT)";
				CLANG_CXX_LANGUAGE_STANDARD = "gnu++0x";
				CLANG_ENABLE_OBJC_ARC = YES;
				CLANG_WARN__DUPLICATE_METHOD_MATCH = YES;
				COPY_PHASE_STRIP = YES;
				DEBUG_INFORMATION_FORMAT = "dwarf-with-dsym";
				GCC_C_LANGUAGE_STANDARD = gnu99;
				GCC_ENABLE_OBJC_EXCEPTIONS = YES;
				GCC_WARN_64_TO_32_BIT_CONVERSION = YES;
				GCC_WARN_ABOUT_RETURN_TYPE = YES;
				GCC_WARN_UNINITIALIZED_AUTOS = YES;
				GCC_WARN_UNUSED_VARIABLE = YES;
				MACOSX_DEPLOYMENT_TARGET = 10.8;
				SDKROOT = macosx;
			};
			name = Release;
		};
		E6CB787D15D6973700B179D7 /* Debug */ = {
			isa = XCBuildConfiguration;
			buildSettings = {
				COMBINE_HIDPI_IMAGES = YES;
				GCC_PRECOMPILE_PREFIX_HEADER = YES;
				GCC_PREFIX_HEADER = "4PeaksNew/4PeaksNew-Prefix.pch";
				INFOPLIST_FILE = "4PeaksNew/4PeaksNew-Info.plist";
				PRODUCT_NAME = "$(TARGET_NAME)";
				WRAPPER_EXTENSION = app;
			};
			name = Debug;
		};
		E6CB787E15D6973700B179D7 /* Release */ = {
			isa = XCBuildConfiguration;
			buildSettings = {
				COMBINE_HIDPI_IMAGES = YES;
				GCC_PRECOMPILE_PREFIX_HEADER = YES;
				GCC_PREFIX_HEADER = "4PeaksNew/4PeaksNew-Prefix.pch";
				INFOPLIST_FILE = "4PeaksNew/4PeaksNew-Info.plist";
				PRODUCT_NAME = "$(TARGET_NAME)";
				WRAPPER_EXTENSION = app;
			};
			name = Release;
		};
		E6CB788015D6973700B179D7 /* Debug */ = {
			isa = XCBuildConfiguration;
			buildSettings = {
				BUNDLE_LOADER = "$(BUILT_PRODUCTS_DIR)/4PeaksNew.app/Contents/MacOS/4PeaksNew";
				COMBINE_HIDPI_IMAGES = YES;
				FRAMEWORK_SEARCH_PATHS = "\"$(DEVELOPER_LIBRARY_DIR)/Frameworks\"";
				GCC_PRECOMPILE_PREFIX_HEADER = YES;
				GCC_PREFIX_HEADER = "4PeaksNew/4PeaksNew-Prefix.pch";
				INFOPLIST_FILE = "4PeaksNewTests/4PeaksNewTests-Info.plist";
				PRODUCT_NAME = "$(TARGET_NAME)";
				TEST_HOST = "$(BUNDLE_LOADER)";
				WRAPPER_EXTENSION = octest;
			};
			name = Debug;
		};
		E6CB788115D6973700B179D7 /* Release */ = {
			isa = XCBuildConfiguration;
			buildSettings = {
				BUNDLE_LOADER = "$(BUILT_PRODUCTS_DIR)/4PeaksNew.app/Contents/MacOS/4PeaksNew";
				COMBINE_HIDPI_IMAGES = YES;
				FRAMEWORK_SEARCH_PATHS = "\"$(DEVELOPER_LIBRARY_DIR)/Frameworks\"";
				GCC_PRECOMPILE_PREFIX_HEADER = YES;
				GCC_PREFIX_HEADER = "4PeaksNew/4PeaksNew-Prefix.pch";
				INFOPLIST_FILE = "4PeaksNewTests/4PeaksNewTests-Info.plist";
				PRODUCT_NAME = "$(TARGET_NAME)";
				TEST_HOST = "$(BUNDLE_LOADER)";
				WRAPPER_EXTENSION = octest;
			};
			name = Release;
		};
/* End XCBuildConfiguration section */

/* Begin XCConfigurationList section */
		E6CB784115D6973600B179D7 /* Build configuration list for PBXProject "4PeaksNew" */ = {
			isa = XCConfigurationList;
			buildConfigurations = (
				E6CB787A15D6973700B179D7 /* Debug */,
				E6CB787B15D6973700B179D7 /* Release */,
			);
			defaultConfigurationIsVisible = 0;
			defaultConfigurationName = Release;
		};
		E6CB787C15D6973700B179D7 /* Build configuration list for PBXNativeTarget "4PeaksNew" */ = {
			isa = XCConfigurationList;
			buildConfigurations = (
				E6CB787D15D6973700B179D7 /* Debug */,
				E6CB787E15D6973700B179D7 /* Release */,
			);
			defaultConfigurationIsVisible = 0;
			defaultConfigurationName = Release;
		};
		E6CB787F15D6973700B179D7 /* Build configuration list for PBXNativeTarget "4PeaksNewTests" */ = {
			isa = XCConfigurationList;
			buildConfigurations = (
				E6CB788015D6973700B179D7 /* Debug */,
				E6CB788115D6973700B179D7 /* Release */,
			);
			defaultConfigurationIsVisible = 0;
			defaultConfigurationName = Release;
		};
/* End XCConfigurationList section */

/* Begin XCVersionGroup section */
		E6CB786315D6973600B179D7 /* _PeaksNew.xcdatamodeld */ = {
			isa = XCVersionGroup;
			children = (
				E6CB786415D6973600B179D7 /* _PeaksNew.xcdatamodel */,
			);
			currentVersion = E6CB786415D6973600B179D7 /* _PeaksNew.xcdatamodel */;
			path = _PeaksNew.xcdatamodeld;
			sourceTree = "<group>";
			versionGroupType = wrapper.xcdatamodel;
		};
/* End XCVersionGroup section */
	};
	rootObject = E6CB783E15D6973600B179D7 /* Project object */;
}
